<?xml version="1.0" encoding="utf-8"?>
<Project ToolsVersion="4.0" xmlns="http://schemas.microsoft.com/developer/msbuild/2003">
  <ItemGroup>
    <Filter Include="Source Files">
      <UniqueIdentifier>{4FC737F1-C7A5-4376-A066-2A32D752A2FF}</UniqueIdentifier>
      <Extensions>cpp;c;cc;cxx;def;odl;idl;hpj;bat;asm;asmx</Extensions>
    </Filter>
    <Filter Include="Header Files">
      <UniqueIdentifier>{93995380-89BD-4b04-88EB-625FBE52EBFB}</UniqueIdentifier>
      <Extensions>h;hh;hpp;hxx;hm;inl;inc;xsd</Extensions>
    </Filter>
    <Filter Include="Resource Files">
      <UniqueIdentifier>{67DA6AB6-F800-4c08-8B7A-83BB121AAD01}</UniqueIdentifier>
      <Extensions>rc;ico;cur;bmp;dlg;rc2;rct;bin;rgs;gif;jpg;jpeg;jpe;resx;tiff;tif;png;wav;mfcribbon-ms</Extensions>
    </Filter>
  </ItemGroup>
  <ItemGroup>
    <ClCompile Include="Framework\Engine\Engine.cpp">
      <Filter>Source Files</Filter>
    </ClCompile>
    <ClCompile Include="Framework\Engine\Scene.cpp">
      <Filter>Source Files</Filter>
    </ClCompile>
    <ClCompile Include="Framework\Utility\Camera.cpp">
      <Filter>Source Files</Filter>
    </ClCompile>
    <ClCompile Include="Framework\Utility\Texture.cpp">
      <Filter>Source Files</Filter>
    </ClCompile>
    <ClCompile Include="Code\main.cpp">
      <Filter>Source Files</Filter>
    </ClCompile>
    <ClCompile Include="Code\MyScene.cpp">
      <Filter>Source Files</Filter>
    </ClCompile>
    <ClCompile Include="Code\Triangle.cpp">
      <Filter>Source Files</Filter>
    </ClCompile>
    <ClCompile Include="Code\Floor.cpp">
      <Filter>Source Files</Filter>
    </ClCompile>
    <ClCompile Include="Code\Wall.cpp">
      <Filter>Source Files</Filter>
    </ClCompile>
    <ClCompile Include="Code\TimeTunnel.cpp">
      <Filter>Source Files</Filter>
    </ClCompile>
    <ClCompile Include="Code\ObjLoader.cpp">
      <Filter>Source Files</Filter>
    </ClCompile>
    <ClCompile Include="Code\Turntable.cpp">
      <Filter>Source Files</Filter>
    </ClCompile>
    <ClCompile Include="Code\Framework.cpp">
      <Filter>Source Files</Filter>
    </ClCompile>
    <ClCompile Include="Code\Swing.cpp">
      <Filter>Source Files</Filter>
    </ClCompile>
    <ClCompile Include="Code\Slider.cpp">
      <Filter>Source Files</Filter>
    </ClCompile>
    <ClCompile Include="Code\Doors.cpp">
      <Filter>Source Files</Filter>
    </ClCompile>
    <ClCompile Include="Code\ModelObject.cpp">
      <Filter>Source Files</Filter>
    </ClCompile>
    <ClCompile Include="Code\ObjectFileReader.cpp">
      <Filter>Source Files</Filter>
    </ClCompile>
    <ClCompile Include="Code\Functions.cpp">
      <Filter>Source Files</Filter>
    </ClCompile>
    <ClCompile Include="Code\Vertex.cpp">
      <Filter>Source Files</Filter>
    </ClCompile>
    <ClCompile Include="Code\Face.cpp">
      <Filter>Source Files</Filter>
    </ClCompile>
    <ClCompile Include="Code\Tri.cpp">
      <Filter>Source Files</Filter>
    </ClCompile>
    <ClCompile Include="Code\WorldObject.cpp">
      <Filter>Source Files</Filter>
    </ClCompile>
    <ClCompile Include="Code\Soldier.cpp">
      <Filter>Source Files</Filter>
    </ClCompile>
    <ClCompile Include="Code\Doll.cpp">
      <Filter>Source Files</Filter>
    </ClCompile>
    <ClCompile Include="Code\Head.cpp">
      <Filter>Source Files</Filter>
    </ClCompile>
    <ClCompile Include="Code\SoldierShooting.cpp">
      <Filter>Source Files</Filter>
    </ClCompile>
    <ClCompile Include="Code\Bullet.cpp">
      <Filter>Source Files</Filter>
    </ClCompile>
    <ClCompile Include="Code\Timer.cpp">
      <Filter>Source Files</Filter>
    </ClCompile>
  </ItemGroup>
  <ItemGroup>
    <ClInclude Include="Framework\Engine\Engine.h">
      <Filter>Header Files</Filter>
    </ClInclude>
    <ClInclude Include="Framework\Engine\Scene.h">
      <Filter>Header Files</Filter>
    </ClInclude>
    <ClInclude Include="Framework\Interface\Animation.h">
      <Filter>Header Files</Filter>
    </ClInclude>
    <ClInclude Include="Framework\Interface\DisplayableObject.h">
      <Filter>Header Files</Filter>
    </ClInclude>
    <ClInclude Include="Framework\Interface\Input.h">
      <Filter>Header Files</Filter>
    </ClInclude>
    <ClInclude Include="Framework\Utility\Camera.h">
      <Filter>Header Files</Filter>
    </ClInclude>
    <ClInclude Include="Framework\Utility\Texture.h">
      <Filter>Header Files</Filter>
    </ClInclude>
    <ClInclude Include="Framework\Utility\VectorMath.h">
      <Filter>Header Files</Filter>
    </ClInclude>
    <ClInclude Include="Code\MyScene.h">
      <Filter>Header Files</Filter>
    </ClInclude>
    <ClInclude Include="Code\Triangle.h">
      <Filter>Header Files</Filter>
    </ClInclude>
    <ClInclude Include="Code\Floor.h">
      <Filter>Header Files</Filter>
    </ClInclude>
    <ClInclude Include="Code\Wall.h">
      <Filter>Header Files</Filter>
    </ClInclude>
    <ClInclude Include="Code\TimeTunnel.h">
      <Filter>Header Files</Filter>
    </ClInclude>
    <ClInclude Include="Code\ObjLoader.h">
      <Filter>Header Files</Filter>
    </ClInclude>
    <ClInclude Include="Code\Turntable.h">
      <Filter>Header Files</Filter>
    </ClInclude>
    <ClInclude Include="Code\Framework.h">
      <Filter>Header Files</Filter>
    </ClInclude>
    <ClInclude Include="Code\Swing.h">
      <Filter>Header Files</Filter>
    </ClInclude>
    <ClInclude Include="Code\Slider.h">
      <Filter>Header Files</Filter>
    </ClInclude>
    <ClInclude Include="Code\Doors.h">
      <Filter>Header Files</Filter>
    </ClInclude>
    <ClInclude Include="Code\ModelObject.h">
      <Filter>Header Files</Filter>
    </ClInclude>
    <ClInclude Include="Code\ObjectFileReader.h">
      <Filter>Header Files</Filter>
    </ClInclude>
    <ClInclude Include="Code\Functions.h">
      <Filter>Header Files</Filter>
    </ClInclude>
    <ClInclude Include="Code\Vertex.h">
      <Filter>Header Files</Filter>
    </ClInclude>
    <ClInclude Include="Code\Face.h">
      <Filter>Header Files</Filter>
    </ClInclude>
    <ClInclude Include="Code\WorldObject.h">
      <Filter>Header Files</Filter>
    </ClInclude>
    <ClInclude Include="Code\Tri.h">
      <Filter>Header Files</Filter>
    </ClInclude>
    <ClInclude Include="Code\Soldier.h">
      <Filter>Header Files</Filter>
    </ClInclude>
    <ClInclude Include="Code\Doll.h">
      <Filter>Header Files</Filter>
    </ClInclude>
    <ClInclude Include="Code\Head.h">
      <Filter>Header Files</Filter>
    </ClInclude>
    <ClInclude Include="Code\SoldierShooting.h">
      <Filter>Header Files</Filter>
    </ClInclude>
    <ClInclude Include="Code\Bullet.h">
      <Filter>Header Files</Filter>
    </ClInclude>
    <ClInclude Include="Code\Timer.h">
      <Filter>Header Files</Filter>
    </ClInclude>
  </ItemGroup>
  <ItemGroup>
    <Image Include="Textures\ground.bmp">
      <Filter>Resource Files</Filter>
    </Image>
    <Image Include="Textures\batmanlogo.bmp">
      <Filter>Resource Files</Filter>
    </Image>
    <Image Include="Textures\wall.bmp">
      <Filter>Resource Files</Filter>
    </Image>
    <Image Include="Textures\cloudwall.bmp">
      <Filter>Resource Files</Filter>
    </Image>
    <Image Include="Textures\clwall.bmp">
      <Filter>Resource Files</Filter>
    </Image>
    <Image Include="Textures\road.bmp">
      <Filter>Resource Files</Filter>
    </Image>
    <Image Include="Textures\tunnel.bmp">
      <Filter>Resource Files</Filter>
    </Image>
    <Image Include="Textures\tunnelroad.bmp">
      <Filter>Resource Files</Filter>
    </Image>
    <Image Include="Textures\move.bmp">
      <Filter>Resource Files</Filter>
    </Image>
    <Image Include="Textures\prompt.bmp">
      <Filter>Resource Files</Filter>
    </Image>
    <Image Include="Textures\squid.bmp">
      <Filter>Resource Files</Filter>
    </Image>
  </ItemGroup>
  <ItemGroup>
    <Media Include="Media\back1.wav">
      <Filter>Resource Files</Filter>
    </Media>
    <Media Include="Media\bell.wav">
      <Filter>Resource Files</Filter>
    </Media>
    <Media Include="Media\run.mp3" />
  </ItemGroup>
  <ItemGroup>
    <None Include="Obj\pink soldier.mtl" />
  </ItemGroup>
</Project>